
Microsoft Visual Studio Solution File, Format Version 12.00
# Visual Studio 15
VisualStudioVersion = 15.0.27428.2015
MinimumVisualStudioVersion = 10.0.40219.1
Project("{FAE04EC0-301F-11D3-BF4B-00C04F79EFBC}") = "CogsExplorer-LuisQnA-Bot", "CogsExplorer-LuisQnA-Bot\CogsExplorer-LuisQnA-Bot.csproj", "{C517350D-72BA-4B4F-8ADB-3F15B6DB06E4}"
EndProject
Global
	GlobalSection(SolutionConfigurationPlatforms) = preSolution
		Debug|Any CPU = Debug|Any CPU
		Release|Any CPU = Release|Any CPU
	EndGlobalSection
	GlobalSection(ProjectConfigurationPlatforms) = postSolution
		{C517350D-72BA-4B4F-8ADB-3F15B6DB06E4}.Debug|Any CPU.ActiveCfg = Debug|Any CPU
		{C517350D-72BA-4B4F-8ADB-3F15B6DB06E4}.Debug|Any CPU.Build.0 = Debug|Any CPU
		{C517350D-72BA-4B4F-8ADB-3F15B6DB06E4}.Release|Any CPU.ActiveCfg = Release|Any CPU
		{C517350D-72BA-4B4F-8ADB-3F15B6DB06E4}.Release|Any CPU.Build.0 = Release|Any CPU
	EndGlobalSection
	GlobalSection(SolutionProperties) = preSolution
		HideSolutionNode = FALSE
	EndGlobalSection
	GlobalSection(ExtensibilityGlobals) = postSolution
		SolutionGuid = {A777E380-C650-4525-AE9D-5FC0AC982885}
	EndGlobalSection
EndGlobal
